version: 7
platforms:
- name: linux-64
  virtual-packages:
  - __unix=0=0
  - __linux=4.18
  - __glibc=2.28
  - __archspec=0=x86_64
- name: linux-aarch64
  virtual-packages:
  - __unix=0=0
  - __linux=4.18
  - __glibc=2.28
  - __archspec=0=aarch64
- name: osx-64
  virtual-packages:
  - __unix=0=0
  - __osx=13.0
  - __archspec=0=x86_64
- name: osx-arm64
  virtual-packages:
  - __unix=0=0
  - __osx=13.0
  - __archspec=0=m1
environments:
  default:
    channels:
    - url: https://conda.anaconda.org/conda-forge/
    packages:
      linux-64:
      - conda: https://conda.anaconda.org/conda-forge/linux-64/_openmp_mutex-4.5-20_gnu.conda
      - conda: https://conda.anaconda.org/conda-forge/linux-64/c-ares-1.34.8-hb03c661_0.conda
      - conda: https://conda.anaconda.org/conda-forge/linux-64/icu-78.3-h33c6efd_0.conda
      - conda: https://conda.anaconda.org/conda-forge/linux-64/libabseil-20260526.0-cxx17_h7b12aa8_1.conda
      - conda: https://conda.anaconda.org/conda-forge/linux-64/libbrotlicommon-1.2.0-hb03c661_1.conda
      - conda: https://conda.anaconda.org/conda-forge/linux-64/libbrotlidec-1.2.0-hb03c661_1.conda
      - conda: https://conda.anaconda.org/conda-forge/linux-64/libbrotlienc-1.2.0-hb03c661_1.conda
      - conda: https://conda.anaconda.org/conda-forge/linux-64/libev-4.33-hd590300_2.conda
      - conda: https://conda.anaconda.org/conda-forge/linux-64/libgcc-15.2.0-he0feb66_19.conda
      - conda: https://conda.anaconda.org/conda-forge/linux-64/libgcc-ng-15.2.0-h69a702a_19.conda
      - conda: https://conda.anaconda.org/conda-forge/linux-64/libgomp-15.2.0-he0feb66_19.conda
      - conda: https://conda.anaconda.org/conda-forge/linux-64/libnghttp2-1.68.1-h877daf1_0.conda
      - conda: https://conda.anaconda.org/conda-forge/linux-64/libsqlite-3.53.3-h0c1763c_0.conda
      - conda: https://conda.anaconda.org/conda-forge/linux-64/libstdcxx-15.2.0-h934c35e_19.conda
      - conda: https://conda.anaconda.org/conda-forge/linux-64/libuv-1.52.1-h280c20c_0.conda
      - conda: https://conda.anaconda.org/conda-forge/linux-64/libzlib-1.3.2-h25fd6f3_2.conda
      - conda: https://conda.anaconda.org/conda-forge/linux-64/nodejs-26.4.0-hc039f44_0.conda
      - conda: https://conda.anaconda.org/conda-forge/linux-64/openssl-3.6.3-h35e630c_0.conda
      - conda: https://conda.anaconda.org/conda-forge/linux-64/prek-0.4.12-hb17b654_0.conda
      - conda: https://conda.anaconda.org/conda-forge/linux-64/typos-1.48.0-hb17b654_0.conda
      - conda: https://conda.anaconda.org/conda-forge/linux-64/uv-0.11.29-h2112641_0.conda
      - conda: https://conda.anaconda.org/conda-forge/linux-64/zstd-1.5.7-hb78ec9c_6.conda
      - conda: https://conda.anaconda.org/conda-forge/noarch/ca-certificates-2026.6.17-hbd8a1cb_0.conda
      linux-aarch64:
      - conda: https://conda.anaconda.org/conda-forge/linux-aarch64/_openmp_mutex-4.5-20_gnu.conda
      - conda: https://conda.anaconda.org/conda-forge/linux-aarch64/c-ares-1.34.8-he30d5cf_0.conda
      - conda: https://conda.anaconda.org/conda-forge/linux-aarch64/icu-78.3-hcab7f73_0.conda
      - conda: https://conda.anaconda.org/conda-forge/linux-aarch64/libabseil-20260526.0-cxx17_h6983b43_1.conda
      - conda: https://conda.anaconda.org/conda-forge/linux-aarch64/libbrotlicommon-1.2.0-he30d5cf_1.conda
      - conda: https://conda.anaconda.org/conda-forge/linux-aarch64/libbrotlidec-1.2.0-he30d5cf_1.conda
      - conda: https://conda.anaconda.org/conda-forge/linux-aarch64/libbrotlienc-1.2.0-he30d5cf_1.conda
      - conda: https://conda.anaconda.org/conda-forge/linux-aarch64/libev-4.33-h31becfc_2.conda
      - conda: https://conda.anaconda.org/conda-forge/linux-aarch64/libgcc-15.2.0-h8acb6b2_19.conda
      - conda: https://conda.anaconda.org/conda-forge/linux-aarch64/libgcc-ng-15.2.0-he9431aa_19.conda
      - conda: https://conda.anaconda.org/conda-forge/linux-aarch64/libgomp-15.2.0-h8acb6b2_19.conda
      - conda: https://conda.anaconda.org/conda-forge/linux-aarch64/libnghttp2-1.68.1-hd3077d7_0.conda
      - conda: https://conda.anaconda.org/conda-forge/linux-aarch64/libsqlite-3.53.3-h10b116e_0.conda
      - conda: https://conda.anaconda.org/conda-forge/linux-aarch64/libstdcxx-15.2.0-hef695bb_19.conda
      - conda: https://conda.anaconda.org/conda-forge/linux-aarch64/libuv-1.52.1-h80f16a2_0.conda
      - conda: https://conda.anaconda.org/conda-forge/linux-aarch64/libzlib-1.3.2-hdc9db2a_2.conda
      - conda: https://conda.anaconda.org/conda-forge/linux-aarch64/nodejs-26.4.0-hb82d7cf_0.conda
      - conda: https://conda.anaconda.org/conda-forge/linux-aarch64/openssl-3.6.3-h546c87b_0.conda
      - conda: https://conda.anaconda.org/conda-forge/linux-aarch64/prek-0.4.12-h069e38c_0.conda
      - conda: https://conda.anaconda.org/conda-forge/linux-aarch64/typos-1.48.0-h069e38c_0.conda
      - conda: https://conda.anaconda.org/conda-forge/linux-aarch64/uv-0.11.29-hbe9c82f_0.conda
      - conda: https://conda.anaconda.org/conda-forge/linux-aarch64/zstd-1.5.7-h85ac4a6_6.conda
      - conda: https://conda.anaconda.org/conda-forge/noarch/ca-certificates-2026.6.17-hbd8a1cb_0.conda
      osx-64:
      - conda: https://conda.anaconda.org/conda-forge/noarch/ca-certificates-2026.6.17-hbd8a1cb_0.conda
      - conda: https://conda.anaconda.org/conda-forge/osx-64/c-ares-1.34.8-ha1e9b39_0.conda
      - conda: https://conda.anaconda.org/conda-forge/osx-64/icu-78.3-h25d91c4_0.conda
      - conda: https://conda.anaconda.org/conda-forge/osx-64/libabseil-20260526.0-cxx17_h1a06613_1.conda
      - conda: https://conda.anaconda.org/conda-forge/osx-64/libbrotlicommon-1.2.0-h8616949_1.conda
      - conda: https://conda.anaconda.org/conda-forge/osx-64/libbrotlidec-1.2.0-h8616949_1.conda
      - conda: https://conda.anaconda.org/conda-forge/osx-64/libbrotlienc-1.2.0-h8616949_1.conda
      - conda: https://conda.anaconda.org/conda-forge/osx-64/libcxx-22.1.8-h19cb2f5_0.conda
      - conda: https://conda.anaconda.org/conda-forge/osx-64/libev-4.33-h10d778d_2.conda
      - conda: https://conda.anaconda.org/conda-forge/osx-64/libnghttp2-1.68.1-h70048d4_0.conda
      - conda: https://conda.anaconda.org/conda-forge/osx-64/libsqlite-3.53.3-h8f8c405_0.conda
      - conda: https://conda.anaconda.org/conda-forge/osx-64/libuv-1.52.1-ha3d0635_0.conda
      - conda: https://conda.anaconda.org/conda-forge/osx-64/libzlib-1.3.2-hbb4bfdb_2.conda
      - conda: https://conda.anaconda.org/conda-forge/osx-64/nodejs-26.4.0-h3e09207_0.conda
      - conda: https://conda.anaconda.org/conda-forge/osx-64/openssl-3.6.3-hc881268_0.conda
      - conda: https://conda.anaconda.org/conda-forge/osx-64/prek-0.4.12-h19f9e61_0.conda
      - conda: https://conda.anaconda.org/conda-forge/osx-64/typos-1.48.0-h19f9e61_0.conda
      - conda: https://conda.anaconda.org/conda-forge/osx-64/uv-0.11.29-h0bcf9e0_0.conda
      - conda: https://conda.anaconda.org/conda-forge/osx-64/zstd-1.5.7-h3eecb57_6.conda
      osx-arm64:
      - conda: https://conda.anaconda.org/conda-forge/noarch/ca-certificates-2026.6.17-hbd8a1cb_0.conda
      - conda: https://conda.anaconda.org/conda-forge/osx-arm64/c-ares-1.34.8-h84a0fba_0.conda
      - conda: https://conda.anaconda.org/conda-forge/osx-arm64/icu-78.3-hef89b57_0.conda
      - conda: https://conda.anaconda.org/conda-forge/osx-arm64/libabseil-20260526.0-cxx17_h2062a1b_1.conda
      - conda: https://conda.anaconda.org/conda-forge/osx-arm64/libbrotlicommon-1.2.0-hc919400_1.conda
      - conda: https://conda.anaconda.org/conda-forge/osx-arm64/libbrotlidec-1.2.0-hc919400_1.conda
      - conda: https://conda.anaconda.org/conda-forge/osx-arm64/libbrotlienc-1.2.0-hc919400_1.conda
      - conda: https://conda.anaconda.org/conda-forge/osx-arm64/libcxx-22.1.8-h55c6f16_0.conda
      - conda: https://conda.anaconda.org/conda-forge/osx-arm64/libev-4.33-h93a5062_2.conda
      - conda: https://conda.anaconda.org/conda-forge/osx-arm64/libnghttp2-1.68.1-h8f3e76b_0.conda
      - conda: https://conda.anaconda.org/conda-forge/osx-arm64/libsqlite-3.53.3-h1b79a29_0.conda
      - conda: https://conda.anaconda.org/conda-forge/osx-arm64/libuv-1.52.1-h1a92334_0.conda
      - conda: https://conda.anaconda.org/conda-forge/osx-arm64/libzlib-1.3.2-h8088a28_2.conda
      - conda: https://conda.anaconda.org/conda-forge/osx-arm64/nodejs-26.4.0-h00e74ec_0.conda
      - conda: https://conda.anaconda.org/conda-forge/osx-arm64/openssl-3.6.3-hd24854e_0.conda
      - conda: https://conda.anaconda.org/conda-forge/osx-arm64/prek-0.4.12-h6fdd925_0.conda
      - conda: https://conda.anaconda.org/conda-forge/osx-arm64/typos-1.48.0-h6fdd925_0.conda
      - conda: https://conda.anaconda.org/conda-forge/osx-arm64/uv-0.11.29-h11277c2_0.conda
      - conda: https://conda.anaconda.org/conda-forge/osx-arm64/zstd-1.5.7-hbf9d68e_6.conda
packages:
- conda: https://conda.anaconda.org/conda-forge/linux-64/_openmp_mutex-4.5-20_gnu.conda
  build_number: 20
  sha256: 1dd3fffd892081df9726d7eb7e0dea6198962ba775bd88842135a4ddb4deb3c9
  md5: a9f577daf3de00bca7c3c76c0ecbd1de
  depends:
  - __glibc >=2.17,<3.0.a0
  - libgomp >=7.5.0
  constrains:
  - openmp_impl <0.0a0
  license: BSD-3-Clause
  license_family: BSD
  run_exports:
    strong:
    - _openmp_mutex >=4.5
  size: 28948
  timestamp: 1770939786096
- conda: https://conda.anaconda.org/conda-forge/linux-64/c-ares-1.34.8-hb03c661_0.conda
  sha256: dee93a82d045f9aa8277829aa465224afa3c7a6ac18388de66099b2be7f705e7
  md5: 6130ad6705adc993b5d8482b7f66e01f
  depends:
  - __glibc >=2.17,<3.0.a0
  - libgcc >=14
  license: MIT
  license_family: MIT
  run_exports:
    weak:
    - c-ares >=1.34.8,<2.0a0
  size: 210929
  timestamp: 1784091008551
- conda: https://conda.anaconda.org/conda-forge/linux-64/icu-78.3-h33c6efd_0.conda
  sha256: fbf86c4a59c2ed05bbffb2ba25c7ed94f6185ec30ecb691615d42342baa1a16a
  md5: c80d8a3b84358cb967fa81e7075fbc8a
  depends:
  - __glibc >=2.17,<3.0.a0
  - libgcc >=14
  - libstdcxx >=14
  license: MIT
  license_family: MIT
  run_exports:
    weak:
    - icu >=78.3,<79.0a0
  size: 12723451
  timestamp: 1773822285671
- conda: https://conda.anaconda.org/conda-forge/linux-64/libabseil-20260526.0-cxx17_h7b12aa8_1.conda
  sha256: 32933de2d4fa6e6ffd949052815b49cb65a0649ad70007155c533ab97ea8cefd
  md5: c4393db381bffa0a83a8d9e47b238106
  depends:
  - __glibc >=2.17,<3.0.a0
  - libgcc >=14
  - libstdcxx >=14
  constrains:
  - abseil-cpp =20260526.0
  - libabseil-static =20260526.0=cxx17*
  license: Apache-2.0
  license_family: Apache
  run_exports:
    weak:
    - libabseil >=20260526.0,<20260527.0a0
    - libabseil =*=cxx17*
  size: 1437712
  timestamp: 1780524559298
- conda: https://conda.anaconda.org/conda-forge/linux-64/libbrotlicommon-1.2.0-hb03c661_1.conda
  sha256: 318f36bd49ca8ad85e6478bd8506c88d82454cc008c1ac1c6bf00a3c42fa610e
  md5: 72c8fd1af66bd67bf580645b426513ed
  depends:
  - __glibc >=2.17,<3.0.a0
  - libgcc >=14
  license: MIT
  license_family: MIT
  run_exports:
    weak:
    - libbrotlicommon >=1.2.0,<1.3.0a0
  size: 79965
  timestamp: 1764017188531
- conda: https://conda.anaconda.org/conda-forge/linux-64/libbrotlidec-1.2.0-hb03c661_1.conda
  sha256: 12fff21d38f98bc446d82baa890e01fd82e3b750378fedc720ff93522ffb752b
  md5: 366b40a69f0ad6072561c1d09301c886
  depends:
  - __glibc >=2.17,<3.0.a0
  - libbrotlicommon 1.2.0 hb03c661_1
  - libgcc >=14
  license: MIT
  license_family: MIT
  run_exports:
    weak:
    - libbrotlidec >=1.2.0,<1.3.0a0
  size: 34632
  timestamp: 1764017199083
- conda: https://conda.anaconda.org/conda-forge/linux-64/libbrotlienc-1.2.0-hb03c661_1.conda
  sha256: a0c15c79997820bbd3fbc8ecf146f4fe0eca36cc60b62b63ac6cf78857f1dd0d
  md5: 4ffbb341c8b616aa2494b6afb26a0c5f
  depends:
  - __glibc >=2.17,<3.0.a0
  - libbrotlicommon 1.2.0 hb03c661_1
  - libgcc >=14
  license: MIT
  license_family: MIT
  run_exports:
    weak:
    - libbrotlienc >=1.2.0,<1.3.0a0
  size: 298378
  timestamp: 1764017210931
- conda: https://conda.anaconda.org/conda-forge/linux-64/libev-4.33-hd590300_2.conda
  sha256: 1cd6048169fa0395af74ed5d8f1716e22c19a81a8a36f934c110ca3ad4dd27b4
  md5: 172bf1cd1ff8629f2b1179945ed45055
  depends:
  - libgcc-ng >=12
  license: BSD-2-Clause
  license_family: BSD
  run_exports:
    weak:
    - libev >=4.33,<4.34.0a0
  size: 112766
  timestamp: 1702146165126
- conda: https://conda.anaconda.org/conda-forge/linux-64/libgcc-15.2.0-he0feb66_19.conda
  sha256: 8e0a3b5e41272e5678499b5dfc4cddb673f9e935de01eb0767ce857001229f46
  md5: 57736f29cc2b0ec0b6c2952d3f101b6a
  depends:
  - __glibc >=2.17,<3.0.a0
  - _openmp_mutex >=4.5
  constrains:
  - libgcc-ng ==15.2.0=*_19
  - libgomp 15.2.0 he0feb66_19
  license: GPL-3.0-only WITH GCC-exception-3.1
  license_family: GPL
  run_exports: {}
  size: 1041084
  timestamp: 1778269013026
- conda: https://conda.anaconda.org/conda-forge/linux-64/libgcc-ng-15.2.0-h69a702a_19.conda
  sha256: 9dcf54adfaa5e861123c2da4f2f0451a685464ea7e5a41ad91cf67b31d658d98
  md5: 331ee9b72b9dff570d56b1302c5ab37d
  depends:
  - libgcc 15.2.0 he0feb66_19
  license: GPL-3.0-only WITH GCC-exception-3.1
  license_family: GPL
  run_exports:
    strong:
    - libgcc
  size: 27694
  timestamp: 1778269016987
- conda: https://conda.anaconda.org/conda-forge/linux-64/libgomp-15.2.0-he0feb66_19.conda
  sha256: 5abe4ab9d93f6c9757d654f1969ae2267d4505315c1f2f8fe705fd60af084f1b
  md5: faac990cb7aedc7f3a2224f2c9b0c26c
  depends:
  - __glibc >=2.17,<3.0.a0
  license: GPL-3.0-only WITH GCC-exception-3.1
  license_family: GPL
  run_exports:
    strong:
    - _openmp_mutex >=4.5
  size: 603817
  timestamp: 1778268942614
- conda: https://conda.anaconda.org/conda-forge/linux-64/libnghttp2-1.68.1-h877daf1_0.conda
  sha256: 663444d77a42f2265f54fb8b48c5450bfff4388d9c0f8253dd7855f0d993153f
  md5: 2a45e7f8af083626f009645a6481f12d
  depends:
  - __glibc >=2.17,<3.0.a0
  - c-ares >=1.34.6,<2.0a0
  - libev >=4.33,<4.34.0a0
  - libev >=4.33,<5.0a0
  - libgcc >=14
  - libstdcxx >=14
  - libzlib >=1.3.1,<2.0a0
  - openssl >=3.5.5,<4.0a0
  license: MIT
  license_family: MIT
  run_exports:
    weak:
    - libnghttp2 >=1.68.1,<2.0a0
  size: 663344
  timestamp: 1773854035739
- conda: https://conda.anaconda.org/conda-forge/linux-64/libsqlite-3.53.3-h0c1763c_0.conda
  sha256: 365376f4815e5e80def2b3462a2419708b7c292da0da85278386c2618621fff4
  md5: 4aed8e657e9ff156bdbe849b4df44389
  depends:
  - __glibc >=2.17,<3.0.a0
  - libgcc >=14
  - libzlib >=1.3.2,<2.0a0
  license: blessing
  run_exports:
    weak:
    - libsqlite >=3.53.3,<4.0a0
  size: 962119
  timestamp: 1782519076616
- conda: https://conda.anaconda.org/conda-forge/linux-64/libstdcxx-15.2.0-h934c35e_19.conda
  sha256: dff1058c76ec6b8759e41cefa2508162d00e4a5e6721aa68ec3fd10094e702dc
  md5: 5794b3bdc38177caf969dabd3af08549
  depends:
  - __glibc >=2.17,<3.0.a0
  - libgcc 15.2.0 he0feb66_19
  constrains:
  - libstdcxx-ng ==15.2.0=*_19
  license: GPL-3.0-only WITH GCC-exception-3.1
  license_family: GPL
  run_exports: {}
  size: 5852044
  timestamp: 1778269036376
- conda: https://conda.anaconda.org/conda-forge/linux-64/libuv-1.52.1-h280c20c_0.conda
  sha256: e28e4519223f78b3163599ca89c3f2d80bfb53e907e7fc74e806e60d1efa578b
  md5: 4e33d49bf4fc853855a3b00643aa5484
  depends:
  - libgcc >=14
  - __glibc >=2.17,<3.0.a0
  license: MIT
  license_family: MIT
  run_exports:
    weak:
    - libuv >=1.52.1,<2.0a0
  size: 419935
  timestamp: 1779396012261
- conda: https://conda.anaconda.org/conda-forge/linux-64/libzlib-1.3.2-h25fd6f3_2.conda
  sha256: 55044c403570f0dc26e6364de4dc5368e5f3fc7ff103e867c487e2b5ab2bcda9
  md5: d87ff7921124eccd67248aa483c23fec
  depends:
  - __glibc >=2.17,<3.0.a0
  constrains:
  - zlib 1.3.2 *_2
  license: Zlib
  license_family: Other
  run_exports:
    weak:
    - libzlib >=1.3.2,<2.0a0
  size: 63629
  timestamp: 1774072609062
- conda: https://conda.anaconda.org/conda-forge/linux-64/nodejs-26.4.0-hc039f44_0.conda
  sha256: 50b1382dcccaacd34ff30a1fd7029d4f7d2df1a58149d679485a99262d77070f
  md5: 0619acea812ebb49f7f42de91d3d2fc5
  depends:
  - __glibc >=2.28,<3.0.a0
  - libstdcxx >=14
  - libgcc >=14
  - libbrotlicommon >=1.2.0,<1.3.0a0
  - libbrotlienc >=1.2.0,<1.3.0a0
  - libbrotlidec >=1.2.0,<1.3.0a0
  - icu >=78.3,<79.0a0
  - libuv >=1.52.1,<2.0a0
  - zstd >=1.5.7,<1.6.0a0
  - c-ares >=1.34.6,<2.0a0
  - openssl >=3.5.7,<4.0a0
  - libzlib >=1.3.2,<2.0a0
  - libsqlite >=3.53.2,<4.0a0
  - libabseil >=20260526.0,<20260527.0a0
  - libabseil * cxx17*
  - libnghttp2 >=1.68.1,<2.0a0
  license: MIT
  license_family: MIT
  run_exports:
    weak:
    - nodejs >=26.4.0,<27.0a0
  size: 19936812
  timestamp: 1782378393252
- conda: https://conda.anaconda.org/conda-forge/linux-64/openssl-3.6.3-h35e630c_0.conda
  sha256: d48f5c22b9897c01e4dff3680f1f57ceb02711ab9c62f74339b080419dfad34b
  md5: 79dd2074b5cd5c5c6b2930514a11e22d
  depends:
  - __glibc >=2.17,<3.0.a0
  - ca-certificates
  - libgcc >=14
  license: Apache-2.0
  license_family: Apache
  run_exports:
    weak:
    - openssl >=3.6.3,<4.0a0
  size: 3159683
  timestamp: 1781069855778
- conda: https://conda.anaconda.org/conda-forge/linux-64/prek-0.4.12-hb17b654_0.conda
  sha256: 3f2255645d463a3487f66fd50640641b24975c8107bf863da0fcee53e14d5629
  md5: 98d8922c040b1dc38f203b57e316df07
  depends:
  - libgcc >=14
  - __glibc >=2.17,<3.0.a0
  constrains:
  - __glibc >=2.17
  license: MIT
  run_exports: {}
  size: 6416057
  timestamp: 1785781033812
- conda: https://conda.anaconda.org/conda-forge/linux-64/typos-1.48.0-hb17b654_0.conda
  sha256: b8cd6270cf71afa1ea5abb21c5ea65d9f4f0ec2614d3af3d0d2185011a1ff3b4
  md5: a66c11d121cd29ee901edb4eb50d1075
  depends:
  - libgcc >=14
  - __glibc >=2.17,<3.0.a0
  constrains:
  - __glibc >=2.17
  license: MIT OR Apache-2.0
  run_exports: {}
  size: 3366192
  timestamp: 1782859608728
- conda: https://conda.anaconda.org/conda-forge/linux-64/uv-0.11.29-h2112641_0.conda
  sha256: a5b92c2cedcaba3b877d6c4aab42853f57b6bb26f9c901cfb5aa5da03269d310
  md5: 5552b8d0f33cf86753d35da1b3ec0736
  depends:
  - libstdcxx >=14
  - libgcc >=14
  - __glibc >=2.17,<3.0.a0
  constrains:
  - __glibc >=2.17
  license: Apache-2.0 OR MIT
  run_exports: {}
  size: 20782187
  timestamp: 1784166603021
- conda: https://conda.anaconda.org/conda-forge/linux-64/zstd-1.5.7-hb78ec9c_6.conda
  sha256: 68f0206ca6e98fea941e5717cec780ed2873ffabc0e1ed34428c061e2c6268c7
  md5: 4a13eeac0b5c8e5b8ab496e6c4ddd829
  depends:
  - __glibc >=2.17,<3.0.a0
  - libzlib >=1.3.1,<2.0a0
  license: BSD-3-Clause
  license_family: BSD
  run_exports:
    weak:
    - zstd >=1.5.7,<1.6.0a0
  size: 601375
  timestamp: 1764777111296
- conda: https://conda.anaconda.org/conda-forge/linux-aarch64/_openmp_mutex-4.5-20_gnu.conda
  build_number: 20
  sha256: a2527b1d81792a0ccd2c05850960df119c2b6d8f5fdec97f2db7d25dc23b1068
  md5: 468fd3bb9e1f671d36c2cbc677e56f1d
  depends:
  - libgomp >=7.5.0
  constrains:
  - openmp_impl <0.0a0
  license: BSD-3-Clause
  license_family: BSD
  run_exports:
    strong:
    - _openmp_mutex >=4.5
  size: 28926
  timestamp: 1770939656741
- conda: https://conda.anaconda.org/conda-forge/linux-aarch64/c-ares-1.34.8-he30d5cf_0.conda
  sha256: 24f78776eda069a6c1566fd6d65379e45747d0a7cce9f864686690806543c408
  md5: a8a5833ef43f9b31a4d548071ea5ba75
  depends:
  - libgcc >=14
  license: MIT
  license_family: MIT
  run_exports:
    weak:
    - c-ares >=1.34.8,<2.0a0
  size: 220677
  timestamp: 1784091035199
- conda: https://conda.anaconda.org/conda-forge/linux-aarch64/icu-78.3-hcab7f73_0.conda
  sha256: 49ba6aed2c6b482bb0ba41078057555d29764299bc947b990708617712ef6406
  md5: 546da38c2fa9efacf203e2ad3f987c59
  depends:
  - libgcc >=14
  - libstdcxx >=14
  license: MIT
  license_family: MIT
  run_exports:
    weak:
    - icu >=78.3,<79.0a0
  size: 12837286
  timestamp: 1773822650615
- conda: https://conda.anaconda.org/conda-forge/linux-aarch64/libabseil-20260526.0-cxx17_h6983b43_1.conda
  sha256: 51f53ae6266889f0972a10c2773465da5554fdf55ac15b9dea3e7f77520022d9
  md5: d8637f7cc7143fe4ad2eceac8e8cf033
  depends:
  - libgcc >=14
  - libstdcxx >=14
  constrains:
  - abseil-cpp =20260526.0
  - libabseil-static =20260526.0=cxx17*
  license: Apache-2.0
  license_family: Apache
  run_exports:
    weak:
    - libabseil >=20260526.0,<20260527.0a0
    - libabseil =*=cxx17*
  size: 1457025
  timestamp: 1780524543286
- conda: https://conda.anaconda.org/conda-forge/linux-aarch64/libbrotlicommon-1.2.0-he30d5cf_1.conda
  sha256: 5fa8c163c8d776503aa68cdaf798ff9440c76a0a1c3ea84e0c43dbf1ece8af4d
  md5: 8ec1d03f3000108899d1799d9964f281
  depends:
  - libgcc >=14
  license: MIT
  license_family: MIT
  run_exports:
    weak:
    - libbrotlicommon >=1.2.0,<1.3.0a0
  size: 80030
  timestamp: 1764017273715
- conda: https://conda.anaconda.org/conda-forge/linux-aarch64/libbrotlidec-1.2.0-he30d5cf_1.conda
  sha256: 494365e8f58799ea95a6e82334ef696e9c2120aecd6626121694b30a15033301
  md5: 47e5b71b77bb8b47b4ecf9659492977f
  depends:
  - libbrotlicommon 1.2.0 he30d5cf_1
  - libgcc >=14
  license: MIT
  license_family: MIT
  run_exports:
    weak:
    - libbrotlidec >=1.2.0,<1.3.0a0
  size: 33166
  timestamp: 1764017282936
- conda: https://conda.anaconda.org/conda-forge/linux-aarch64/libbrotlienc-1.2.0-he30d5cf_1.conda
  sha256: f998c03257b9aa1f7464446af2cf424862f0e54258a2a588309853e45ae771df
  md5: 6553a5d017fe14859ea8a4e6ea5def8f
  depends:
  - libbrotlicommon 1.2.0 he30d5cf_1
  - libgcc >=14
  license: MIT
  license_family: MIT
  run_exports:
    weak:
    - libbrotlienc >=1.2.0,<1.3.0a0
  size: 309304
  timestamp: 1764017292044
- conda: https://conda.anaconda.org/conda-forge/linux-aarch64/libev-4.33-h31becfc_2.conda
  sha256: 973af77e297f1955dd1f69c2cbdc5ab9dfc88388a5576cd152cda178af0fd006
  md5: a9a13cb143bbaa477b1ebaefbe47a302
  depends:
  - libgcc-ng >=12
  license: BSD-2-Clause
  license_family: BSD
  run_exports:
    weak:
    - libev >=4.33,<4.34.0a0
  size: 115123
  timestamp: 1702146237623
- conda: https://conda.anaconda.org/conda-forge/linux-aarch64/libgcc-15.2.0-h8acb6b2_19.conda
  sha256: 4592b096e553f67799ae70d4b6167eeda3ec74587d68c7aecbf4e7b1df136681
  md5: f35b3f52d0a2ec4ffe3c89ba135cdb9a
  depends:
  - _openmp_mutex >=4.5
  constrains:
  - libgomp 15.2.0 h8acb6b2_19
  - libgcc-ng ==15.2.0=*_19
  license: GPL-3.0-only WITH GCC-exception-3.1
  license_family: GPL
  run_exports: {}
  size: 622462
  timestamp: 1778268755949
- conda: https://conda.anaconda.org/conda-forge/linux-aarch64/libgcc-ng-15.2.0-he9431aa_19.conda
  sha256: 1137f93f477f56199ded24117430045a0c02cbe8b10031beac3b9ad2138539d3
  md5: 770cf892e5530f43e63cadc673e85653
  depends:
  - libgcc 15.2.0 h8acb6b2_19
  license: GPL-3.0-only WITH GCC-exception-3.1
  license_family: GPL
  run_exports:
    strong:
    - libgcc
  size: 27738
  timestamp: 1778268759211
- conda: https://conda.anaconda.org/conda-forge/linux-aarch64/libgomp-15.2.0-h8acb6b2_19.conda
  sha256: 2370ef0ffcbae5bede3c4bf136add4abc257245eb91f724c99bb4a43116c5a83
  md5: c5e8a379c4a2ec2aea4ba22758c001d9
  license: GPL-3.0-only WITH GCC-exception-3.1
  license_family: GPL
  run_exports:
    strong:
    - _openmp_mutex >=4.5
  size: 587387
  timestamp: 1778268674393
- conda: https://conda.anaconda.org/conda-forge/linux-aarch64/libnghttp2-1.68.1-hd3077d7_0.conda
  sha256: 13782715b9eeebc4ad16d36e84ca569d1495e3516aea3fe546a32caa0a597d82
  md5: be5f0f007a4500a226ef001115535a3d
  depends:
  - c-ares >=1.34.6,<2.0a0
  - libev >=4.33,<4.34.0a0
  - libev >=4.33,<5.0a0
  - libgcc >=14
  - libstdcxx >=14
  - libzlib >=1.3.1,<2.0a0
  - openssl >=3.5.5,<4.0a0
  license: MIT
  license_family: MIT
  run_exports:
    weak:
    - libnghttp2 >=1.68.1,<2.0a0
  size: 726928
  timestamp: 1773854039807
- conda: https://conda.anaconda.org/conda-forge/linux-aarch64/libsqlite-3.53.3-h10b116e_0.conda
  sha256: a835400072fb638fb582ee9fc2271169da84cbcad664d28b852610201116027e
  md5: 2cd50877f494b34383af22560ced8b04
  depends:
  - icu >=78.3,<79.0a0
  - libgcc >=14
  - libzlib >=1.3.2,<2.0a0
  license: blessing
  run_exports:
    weak:
    - libsqlite >=3.53.3,<4.0a0
  size: 968420
  timestamp: 1782519054102
- conda: https://conda.anaconda.org/conda-forge/linux-aarch64/libstdcxx-15.2.0-hef695bb_19.conda
  sha256: 1dadc45e599f510dd5f97141dddcdbb9844d9f1430c1f3a38075cf1c58f87b4e
  md5: 543fbc8d71f2a0baf04cf88ce96cb8bb
  depends:
  - libgcc 15.2.0 h8acb6b2_19
  constrains:
  - libstdcxx-ng ==15.2.0=*_19
  license: GPL-3.0-only WITH GCC-exception-3.1
  license_family: GPL
  run_exports: {}
  size: 5546559
  timestamp: 1778268777463
- conda: https://conda.anaconda.org/conda-forge/linux-aarch64/libuv-1.52.1-h80f16a2_0.conda
  sha256: 3e2ead35f47d01364031f323f1be984018c8f19a3a264f952ddcd043685a1c86
  md5: ac7bcbd2c77691cd6d1ede8c029e8c8a
  depends:
  - libgcc >=14
  license: MIT
  license_family: MIT
  run_exports:
    weak:
    - libuv >=1.52.1,<2.0a0
  size: 456627
  timestamp: 1779396031450
- conda: https://conda.anaconda.org/conda-forge/linux-aarch64/libzlib-1.3.2-hdc9db2a_2.conda
  sha256: eb111e32e5a7313a5bf799c7fb2419051fa2fe7eff74769fac8d5a448b309f7f
  md5: 502006882cf5461adced436e410046d1
  constrains:
  - zlib 1.3.2 *_2
  license: Zlib
  license_family: Other
  run_exports:
    weak:
    - libzlib >=1.3.2,<2.0a0
  size: 69833
  timestamp: 1774072605429
- conda: https://conda.anaconda.org/conda-forge/linux-aarch64/nodejs-26.4.0-hb82d7cf_0.conda
  sha256: cfab8138e65721ebbec77f293404ac11f530a439bc403a5c7905003b9b01ba78
  md5: 1f7ba323777acdbc2c8d802464981ba6
  depends:
  - __glibc >=2.28,<3.0.a0
  - libstdcxx >=14
  - libgcc >=14
  - libuv >=1.52.1,<2.0a0
  - c-ares >=1.34.6,<2.0a0
  - libzlib >=1.3.2,<2.0a0
  - libnghttp2 >=1.68.1,<2.0a0
  - libsqlite >=3.53.2,<4.0a0
  - openssl >=3.5.7,<4.0a0
  - libabseil >=20260526.0,<20260527.0a0
  - libabseil * cxx17*
  - icu >=78.3,<79.0a0
  - zstd >=1.5.7,<1.6.0a0
  - libbrotlicommon >=1.2.0,<1.3.0a0
  - libbrotlienc >=1.2.0,<1.3.0a0
  - libbrotlidec >=1.2.0,<1.3.0a0
  license: MIT
  license_family: MIT
  run_exports:
    weak:
    - nodejs >=26.4.0,<27.0a0
  size: 26100059
  timestamp: 1782378448402
- conda: https://conda.anaconda.org/conda-forge/linux-aarch64/openssl-3.6.3-h546c87b_0.conda
  sha256: da4a5df42614166b69c2f6d8602fc1425f7aaa699f77c3bafb5c7fe69b3d9fb7
  md5: fa6260b3e6eababf6ca85a7eb3336383
  depends:
  - ca-certificates
  - libgcc >=14
  license: Apache-2.0
  license_family: Apache
  run_exports:
    weak:
    - openssl >=3.6.3,<4.0a0
  size: 3704664
  timestamp: 1781069675555
- conda: https://conda.anaconda.org/conda-forge/linux-aarch64/prek-0.4.12-h069e38c_0.conda
  sha256: be5e870bd27d74af804994573c03ad7b617b9301f96840c74723dbf315bc0f9d
  md5: 7035488e5debe2f8ca9634ecd15cdd16
  depends:
  - libgcc >=14
  constrains:
  - __glibc >=2.17
  license: MIT
  run_exports: {}
  size: 6244159
  timestamp: 1785781037645
- conda: https://conda.anaconda.org/conda-forge/linux-aarch64/typos-1.48.0-h069e38c_0.conda
  sha256: 3141ffeddc27e9a98298dade1faf6c233701bdff47209f3871d6688188adeed5
  md5: d2ff6fd5e80452e6b88ecfd5da3f4a73
  depends:
  - libgcc >=14
  constrains:
  - __glibc >=2.17
  license: MIT OR Apache-2.0
  run_exports: {}
  size: 3903453
  timestamp: 1782859635286
- conda: https://conda.anaconda.org/conda-forge/linux-aarch64/uv-0.11.29-hbe9c82f_0.conda
  sha256: f17967c3ed7ad0b92ca97a7abfdf3e556d91649cbd74a1dd35962a333cfbed78
  md5: ef5ef192c6e6f74b6b1271b248336104
  depends:
  - libgcc >=14
  - libstdcxx >=14
  constrains:
  - __glibc >=2.17
  license: Apache-2.0 OR MIT
  run_exports: {}
  size: 20306087
  timestamp: 1784166394558
- conda: https://conda.anaconda.org/conda-forge/linux-aarch64/zstd-1.5.7-h85ac4a6_6.conda
  sha256: 569990cf12e46f9df540275146da567d9c618c1e9c7a0bc9d9cfefadaed20b75
  md5: c3655f82dcea2aa179b291e7099c1fcc
  depends:
  - libzlib >=1.3.1,<2.0a0
  license: BSD-3-Clause
  license_family: BSD
  run_exports:
    weak:
    - zstd >=1.5.7,<1.6.0a0
  size: 614429
  timestamp: 1764777145593
- conda: https://conda.anaconda.org/conda-forge/noarch/ca-certificates-2026.6.17-hbd8a1cb_0.conda
  sha256: f8e3c730fa14ee3f170493779f06522c4acf89169f43db4f039727709b6419cf
  md5: a9965dd99f683c5f444428f896635716
  depends:
  - __unix
  license: ISC
  run_exports: {}
  size: 128866
  timestamp: 1781708962055
- conda: https://conda.anaconda.org/conda-forge/osx-64/c-ares-1.34.8-ha1e9b39_0.conda
  sha256: b879a20c5b29237707db9eac7f99b2f5128bb0095a3dbe8449557350ea510af9
  md5: 99bc571aba2ddd7130cb315fe38f6dd0
  depends:
  - __osx >=11.0
  license: MIT
  license_family: MIT
  run_exports:
    weak:
    - c-ares >=1.34.8,<2.0a0
  size: 188777
  timestamp: 1784091418806
- conda: https://conda.anaconda.org/conda-forge/osx-64/icu-78.3-h25d91c4_0.conda
  sha256: 1294117122d55246bb83ad5b589e2a031aacdf2d0b1f99fd338aa4394f881735
  md5: 627eca44e62e2b665eeec57a984a7f00
  depends:
  - __osx >=11.0
  license: MIT
  license_family: MIT
  run_exports:
    weak:
    - icu >=78.3,<79.0a0
  size: 12273764
  timestamp: 1773822733780
- conda: https://conda.anaconda.org/conda-forge/osx-64/libabseil-20260526.0-cxx17_h1a06613_1.conda
  sha256: 97f67b176c3b686d40e2501bb06ebf28cfeaa0af19ce7d33ecc9a988f690d8dc
  md5: 89d5ad48e1c61baf6bb05ebc15556572
  depends:
  - __osx >=11.0
  - libcxx >=19
  constrains:
  - libabseil-static =20260526.0=cxx17*
  - abseil-cpp =20260526.0
  license: Apache-2.0
  license_family: Apache
  run_exports:
    weak:
    - libabseil >=20260526.0,<20260527.0a0
    - libabseil =*=cxx17*
  size: 1271334
  timestamp: 1780525130242
- conda: https://conda.anaconda.org/conda-forge/osx-64/libbrotlicommon-1.2.0-h8616949_1.conda
  sha256: 4c19b211b3095f541426d5a9abac63e96a5045e509b3d11d4f9482de53efe43b
  md5: f157c098841474579569c85a60ece586
  depends:
  - __osx >=10.13
  license: MIT
  license_family: MIT
  run_exports:
    weak:
    - libbrotlicommon >=1.2.0,<1.3.0a0
  size: 78854
  timestamp: 1764017554982
- conda: https://conda.anaconda.org/conda-forge/osx-64/libbrotlidec-1.2.0-h8616949_1.conda
  sha256: 729158be90ae655a4e0427fe4079767734af1f9b69ff58cf94ca6e8d4b3eb4b7
  md5: 63186ac7a8a24b3528b4b14f21c03f54
  depends:
  - __osx >=10.13
  - libbrotlicommon 1.2.0 h8616949_1
  license: MIT
  license_family: MIT
  run_exports:
    weak:
    - libbrotlidec >=1.2.0,<1.3.0a0
  size: 30835
  timestamp: 1764017584474
- conda: https://conda.anaconda.org/conda-forge/osx-64/libbrotlienc-1.2.0-h8616949_1.conda
  sha256: 8ece7b41b6548d6601ac2c2cd605cf2261268fc4443227cc284477ed23fbd401
  md5: 12a58fd3fc285ce20cf20edf21a0ff8f
  depends:
  - __osx >=10.13
  - libbrotlicommon 1.2.0 h8616949_1
  license: MIT
  license_family: MIT
  run_exports:
    weak:
    - libbrotlienc >=1.2.0,<1.3.0a0
  size: 310355
  timestamp: 1764017609985
- conda: https://conda.anaconda.org/conda-forge/osx-64/libcxx-22.1.8-h19cb2f5_0.conda
  sha256: 57ee997f1f800cf38abc743c0f0a9ddfe6a101c697c35510452ce6f4ddf96361
  md5: 0f600157f28fc7bc9549ecafdfa5bc12
  depends:
  - __osx >=11.0
  license: Apache-2.0 WITH LLVM-exception
  license_family: Apache
  run_exports: {}
  size: 566717
  timestamp: 1781672189697
- conda: https://conda.anaconda.org/conda-forge/osx-64/libev-4.33-h10d778d_2.conda
  sha256: 0d238488564a7992942aa165ff994eca540f687753b4f0998b29b4e4d030ff43
  md5: 899db79329439820b7e8f8de41bca902
  license: BSD-2-Clause
  license_family: BSD
  run_exports:
    weak:
    - libev >=4.33,<4.34.0a0
  size: 106663
  timestamp: 1702146352558
- conda: https://conda.anaconda.org/conda-forge/osx-64/libnghttp2-1.68.1-h70048d4_0.conda
  sha256: 899551e16aac9dfb85bfc2fd98b655f4d1b7fea45720ec04ccb93d95b4d24798
  md5: dba4c95e2fe24adcae4b77ebf33559ae
  depends:
  - __osx >=11.0
  - c-ares >=1.34.6,<2.0a0
  - libcxx >=19
  - libev >=4.33,<4.34.0a0
  - libev >=4.33,<5.0a0
  - libzlib >=1.3.1,<2.0a0
  - openssl >=3.5.5,<4.0a0
  license: MIT
  license_family: MIT
  run_exports:
    weak:
    - libnghttp2 >=1.68.1,<2.0a0
  size: 606749
  timestamp: 1773854765508
- conda: https://conda.anaconda.org/conda-forge/osx-64/libsqlite-3.53.3-h8f8c405_0.conda
  sha256: 84d4af77021ca28e02ff60f396575b921ed1747e459838daa0e73b4724b47953
  md5: 72d9eaef59342a3614c83d57a32f578b
  depends:
  - __osx >=11.0
  - icu >=78.3,<79.0a0
  - libzlib >=1.3.2,<2.0a0
  license: blessing
  run_exports:
    weak:
    - libsqlite >=3.53.3,<4.0a0
  size: 1012648
  timestamp: 1782519619230
- conda: https://conda.anaconda.org/conda-forge/osx-64/libuv-1.52.1-ha3d0635_0.conda
  sha256: a77c3832a82b26afe8da3f4bbacca58a943cc62f2a5680547913650527a51299
  md5: 703303067839cd1da659528a84b3c0cc
  depends:
  - __osx >=11.0
  license: MIT
  license_family: MIT
  run_exports:
    weak:
    - libuv >=1.52.1,<2.0a0
  size: 128150
  timestamp: 1779396112490
- conda: https://conda.anaconda.org/conda-forge/osx-64/libzlib-1.3.2-hbb4bfdb_2.conda
  sha256: 4c6da089952b2d70150c74234679d6f7ac04f4a98f9432dec724968f912691e7
  md5: 30439ff30578e504ee5e0b390afc8c65
  depends:
  - __osx >=11.0
  constrains:
  - zlib 1.3.2 *_2
  license: Zlib
  license_family: Other
  run_exports:
    weak:
    - libzlib >=1.3.2,<2.0a0
  size: 59000
  timestamp: 1774073052242
- conda: https://conda.anaconda.org/conda-forge/osx-64/nodejs-26.4.0-h3e09207_0.conda
  sha256: 845ca0b5128bc59ec6daa5f188ada8f27cb6ef39b52d9c674eabbc6ad69a4464
  md5: df28ff10d82aaf85051714e0d90f3d05
  depends:
  - libcxx >=19
  - __osx >=12.0
  - zstd >=1.5.7,<1.6.0a0
  - c-ares >=1.34.6,<2.0a0
  - libbrotlicommon >=1.2.0,<1.3.0a0
  - libbrotlienc >=1.2.0,<1.3.0a0
  - libbrotlidec >=1.2.0,<1.3.0a0
  - openssl >=3.5.7,<4.0a0
  - libnghttp2 >=1.68.1,<2.0a0
  - icu >=78.3,<79.0a0
  - libsqlite >=3.53.2,<4.0a0
  - libabseil >=20260526.0,<20260527.0a0
  - libabseil * cxx17*
  - libuv >=1.52.1,<2.0a0
  - libzlib >=1.3.2,<2.0a0
  license: MIT
  license_family: MIT
  run_exports:
    weak:
    - nodejs >=26.4.0,<27.0a0
  size: 19513478
  timestamp: 1782378695091
- conda: https://conda.anaconda.org/conda-forge/osx-64/openssl-3.6.3-hc881268_0.conda
  sha256: 819d4368d6b5b298fa40d4bc836c1250842489002cacf3fb918a13ee2033b7c6
  md5: 46be42ab403712fd349d007d763bf767
  depends:
  - __osx >=11.0
  - ca-certificates
  license: Apache-2.0
  license_family: Apache
  run_exports:
    weak:
    - openssl >=3.6.3,<4.0a0
  size: 2775300
  timestamp: 1781071391999
- conda: https://conda.anaconda.org/conda-forge/osx-64/prek-0.4.12-h19f9e61_0.conda
  sha256: a9ab3770b597f65d5778e844a1ee5cf3393e7d01d40903b20e135169db5f0d3e
  md5: 492d0eafa0fae22ea82a1af1033fe283
  depends:
  - __osx >=11.0
  constrains:
  - __osx >=11.0
  license: MIT
  run_exports: {}
  size: 6454376
  timestamp: 1785781325977
- conda: https://conda.anaconda.org/conda-forge/osx-64/typos-1.48.0-h19f9e61_0.conda
  sha256: cb456e7a71045c982b372758c3dcab34bebdc23daa440e08ef692bff46026c76
  md5: 2548bc384e665a84e00c8fcee8afb256
  depends:
  - __osx >=11.0
  constrains:
  - __osx >=11.0
  license: MIT OR Apache-2.0
  run_exports: {}
  size: 2862431
  timestamp: 1782859665351
- conda: https://conda.anaconda.org/conda-forge/osx-64/uv-0.11.29-h0bcf9e0_0.conda
  sha256: 4e0e6e64cf584dae593bdaced380589cd25f78f5741bae1f9f0ed5f09f5cf864
  md5: d3b871d9777c44de0a0f9c21fbc1fcf2
  depends:
  - __osx >=11.0
  - libcxx >=19
  constrains:
  - __osx >=11.0
  license: Apache-2.0 OR MIT
  run_exports: {}
  size: 19911289
  timestamp: 1784166695390
- conda: https://conda.anaconda.org/conda-forge/osx-64/zstd-1.5.7-h3eecb57_6.conda
  sha256: 47101a4055a70a4876ffc87b750ab2287b67eca793f21c8224be5e1ee6394d3f
  md5: 727109b184d680772e3122f40136d5ca
  depends:
  - __osx >=10.13
  - libzlib >=1.3.1,<2.0a0
  license: BSD-3-Clause
  license_family: BSD
  run_exports:
    weak:
    - zstd >=1.5.7,<1.6.0a0
  size: 528148
  timestamp: 1764777156963
- conda: https://conda.anaconda.org/conda-forge/osx-arm64/c-ares-1.34.8-h84a0fba_0.conda
  sha256: 2bfa6ed107d2d8b5835228f8392050cc12e4b6dd732ee044c4ab503b94ff7f31
  md5: 187f3b77e761a2f126f9e09f165cebba
  depends:
  - __osx >=11.0
  license: MIT
  license_family: MIT
  run_exports:
    weak:
    - c-ares >=1.34.8,<2.0a0
  size: 183515
  timestamp: 1784091337771
- conda: https://conda.anaconda.org/conda-forge/osx-arm64/icu-78.3-hef89b57_0.conda
  sha256: 3a7907a17e9937d3a46dfd41cffaf815abad59a569440d1e25177c15fd0684e5
  md5: f1182c91c0de31a7abd40cedf6a5ebef
  depends:
  - __osx >=11.0
  license: MIT
  license_family: MIT
  run_exports:
    weak:
    - icu >=78.3,<79.0a0
  size: 12361647
  timestamp: 1773822915649
- conda: https://conda.anaconda.org/conda-forge/osx-arm64/libabseil-20260526.0-cxx17_h2062a1b_1.conda
  sha256: 450026eb01a52acd0ff122e331ec9b8546c93790143214b73e1c14bc2b075b22
  md5: 8adfdc0215e979a0ce31be676883e0b3
  depends:
  - __osx >=11.0
  - libcxx >=19
  constrains:
  - libabseil-static =20260526.0=cxx17*
  - abseil-cpp =20260526.0
  license: Apache-2.0
  license_family: Apache
  run_exports:
    weak:
    - libabseil >=20260526.0,<20260527.0a0
    - libabseil =*=cxx17*
  size: 1273408
  timestamp: 1780524599788
- conda: https://conda.anaconda.org/conda-forge/osx-arm64/libbrotlicommon-1.2.0-hc919400_1.conda
  sha256: a7cb9e660531cf6fbd4148cff608c85738d0b76f0975c5fc3e7d5e92840b7229
  md5: 006e7ddd8a110771134fcc4e1e3a6ffa
  depends:
  - __osx >=11.0
  license: MIT
  license_family: MIT
  run_exports:
    weak:
    - libbrotlicommon >=1.2.0,<1.3.0a0
  size: 79443
  timestamp: 1764017945924
- conda: https://conda.anaconda.org/conda-forge/osx-arm64/libbrotlidec-1.2.0-hc919400_1.conda
  sha256: 2eae444039826db0454b19b52a3390f63bfe24f6b3e63089778dd5a5bf48b6bf
  md5: 079e88933963f3f149054eec2c487bc2
  depends:
  - __osx >=11.0
  - libbrotlicommon 1.2.0 hc919400_1
  license: MIT
  license_family: MIT
  run_exports:
    weak:
    - libbrotlidec >=1.2.0,<1.3.0a0
  size: 29452
  timestamp: 1764017979099
- conda: https://conda.anaconda.org/conda-forge/osx-arm64/libbrotlienc-1.2.0-hc919400_1.conda
  sha256: 01436c32bb41f9cb4bcf07dda647ce4e5deb8307abfc3abdc8da5317db8189d1
  md5: b2b7c8288ca1a2d71ff97a8e6a1e8883
  depends:
  - __osx >=11.0
  - libbrotlicommon 1.2.0 hc919400_1
  license: MIT
  license_family: MIT
  run_exports:
    weak:
    - libbrotlienc >=1.2.0,<1.3.0a0
  size: 290754
  timestamp: 1764018009077
- conda: https://conda.anaconda.org/conda-forge/osx-arm64/libcxx-22.1.8-h55c6f16_0.conda
  sha256: a2e7abab5add9750fab064c024394de48e49f97631c605ad5db5c8ac3fc769ef
  md5: 89f76a2a21a3ec3ec983b5eb237c4113
  depends:
  - __osx >=11.0
  license: Apache-2.0 WITH LLVM-exception
  license_family: Apache
  run_exports: {}
  size: 569349
  timestamp: 1781670209146
- conda: https://conda.anaconda.org/conda-forge/osx-arm64/libev-4.33-h93a5062_2.conda
  sha256: 95cecb3902fbe0399c3a7e67a5bed1db813e5ab0e22f4023a5e0f722f2cc214f
  md5: 36d33e440c31857372a72137f78bacf5
  license: BSD-2-Clause
  license_family: BSD
  run_exports:
    weak:
    - libev >=4.33,<4.34.0a0
  size: 107458
  timestamp: 1702146414478
- conda: https://conda.anaconda.org/conda-forge/osx-arm64/libnghttp2-1.68.1-h8f3e76b_0.conda
  sha256: 2bc7bc3978066f2c274ebcbf711850cc9ab92e023e433b9631958a098d11e10a
  md5: 6ea18834adbc3b33df9bd9fb45eaf95b
  depends:
  - __osx >=11.0
  - c-ares >=1.34.6,<2.0a0
  - libcxx >=19
  - libev >=4.33,<4.34.0a0
  - libev >=4.33,<5.0a0
  - libzlib >=1.3.1,<2.0a0
  - openssl >=3.5.5,<4.0a0
  license: MIT
  license_family: MIT
  run_exports:
    weak:
    - libnghttp2 >=1.68.1,<2.0a0
  size: 576526
  timestamp: 1773854624224
- conda: https://conda.anaconda.org/conda-forge/osx-arm64/libsqlite-3.53.3-h1b79a29_0.conda
  sha256: a73a8acd97a6599fd6e561514db9f101ca7fd984cdc0cfd91ba74c8aa9dbe067
  md5: 7184d95871a58b8258a8ea124ed5aabc
  depends:
  - __osx >=11.0
  - libzlib >=1.3.2,<2.0a0
  license: blessing
  run_exports:
    weak:
    - libsqlite >=3.53.3,<4.0a0
  size: 924912
  timestamp: 1782519136322
- conda: https://conda.anaconda.org/conda-forge/osx-arm64/libuv-1.52.1-h1a92334_0.conda
  sha256: e23176af832f637693ebbb9bbe7d29c0f4cba662dabd001081d2aa6fc9f7f661
  md5: fa9fef7d9f33724b7c3899c883c25a3e
  depends:
  - __osx >=11.0
  license: MIT
  license_family: MIT
  run_exports:
    weak:
    - libuv >=1.52.1,<2.0a0
  size: 122732
  timestamp: 1779396113397
- conda: https://conda.anaconda.org/conda-forge/osx-arm64/libzlib-1.3.2-h8088a28_2.conda
  sha256: 361415a698514b19a852f5d1123c5da746d4642139904156ddfca7c922d23a05
  md5: bc5a5721b6439f2f62a84f2548136082
  depends:
  - __osx >=11.0
  constrains:
  - zlib 1.3.2 *_2
  license: Zlib
  license_family: Other
  run_exports:
    weak:
    - libzlib >=1.3.2,<2.0a0
  size: 47759
  timestamp: 1774072956767
- conda: https://conda.anaconda.org/conda-forge/osx-arm64/nodejs-26.4.0-h00e74ec_0.conda
  sha256: 753af11e85c752b568ff9ec5bd9a4e3a34cdffa0312013b66f1fd9d0fecefe51
  md5: f74cc3f3941bdb01fb871aa93cbb9a52
  depends:
  - libcxx >=19
  - __osx >=12.0
  - libnghttp2 >=1.68.1,<2.0a0
  - libuv >=1.52.1,<2.0a0
  - openssl >=3.5.7,<4.0a0
  - zstd >=1.5.7,<1.6.0a0
  - libzlib >=1.3.2,<2.0a0
  - c-ares >=1.34.6,<2.0a0
  - libsqlite >=3.53.2,<4.0a0
  - libbrotlicommon >=1.2.0,<1.3.0a0
  - libbrotlienc >=1.2.0,<1.3.0a0
  - libbrotlidec >=1.2.0,<1.3.0a0
  - icu >=78.3,<79.0a0
  - libabseil >=20260526.0,<20260527.0a0
  - libabseil * cxx17*
  license: MIT
  license_family: MIT
  run_exports:
    weak:
    - nodejs >=26.4.0,<27.0a0
  size: 18186333
  timestamp: 1782378498631
- conda: https://conda.anaconda.org/conda-forge/osx-arm64/openssl-3.6.3-hd24854e_0.conda
  sha256: b3e3ca895c336d4eb91c5d2f244a312bdb59a0de8cfa0cc4c179225ab2f6bbfb
  md5: 8187a86242741725bfa74785fe812979
  depends:
  - __osx >=11.0
  - ca-certificates
  license: Apache-2.0
  license_family: Apache
  run_exports:
    weak:
    - openssl >=3.6.3,<4.0a0
  size: 3102584
  timestamp: 1781069820667
- conda: https://conda.anaconda.org/conda-forge/osx-arm64/prek-0.4.12-h6fdd925_0.conda
  sha256: 760e9f91aea53db62cf4d1c7545354093e1c6907dd67f1c17e449fb6437e598f
  md5: 728765afc92ed784515fc662f30f1ca3
  depends:
  - __osx >=11.0
  constrains:
  - __osx >=11.0
  license: MIT
  run_exports: {}
  size: 5961102
  timestamp: 1785781285136
- conda: https://conda.anaconda.org/conda-forge/osx-arm64/typos-1.48.0-h6fdd925_0.conda
  sha256: 1d9e347d6ce66bbb0486d97f1799ffde92c068b9b7bbd0f249941c736f5db12b
  md5: c679568be20dfa9f4bd979d010636be2
  depends:
  - __osx >=11.0
  constrains:
  - __osx >=11.0
  license: MIT OR Apache-2.0
  run_exports: {}
  size: 2712152
  timestamp: 1782859631187
- conda: https://conda.anaconda.org/conda-forge/osx-arm64/uv-0.11.29-h11277c2_0.conda
  sha256: 5eeb07f1779c8ba3b6fcd8d39ccf5ac72aaf55a09da0997335deac22e30ac289
  md5: 5438636874ea4010a3ced1375a17c6a2
  depends:
  - __osx >=11.0
  - libcxx >=19
  constrains:
  - __osx >=11.0
  license: Apache-2.0 OR MIT
  run_exports: {}
  size: 18421667
  timestamp: 1784166524898
- conda: https://conda.anaconda.org/conda-forge/osx-arm64/zstd-1.5.7-hbf9d68e_6.conda
  sha256: 9485ba49e8f47d2b597dd399e88f4802e100851b27c21d7525625b0b4025a5d9
  md5: ab136e4c34e97f34fb621d2592a393d8
  depends:
  - __osx >=11.0
  - libzlib >=1.3.1,<2.0a0
  license: BSD-3-Clause
  license_family: BSD
  run_exports:
    weak:
    - zstd >=1.5.7,<1.6.0a0
  size: 433413
  timestamp: 1764777166076
